// !$*UTF8*$!
{
	archiveVersion = 1;
	classes = {
	};
	objectVersion = 46;
	objects = {

/* Begin PBXBuildFile section */
		258759AE1D1875DA00CA91D9 /* AppDelegate.swift in Sources */ = {isa = PBXBuildFile; fileRef = 258759AD1D1875DA00CA91D9 /* AppDelegate.swift */; };
		258759B51D1875DA00CA91D9 /* Assets.xcassets in Resources */ = {isa = PBXBuildFile; fileRef = 258759B41D1875DA00CA91D9 /* Assets.xcassets */; };
		258759B81D1875DA00CA91D9 /* LaunchScreen.storyboard in Resources */ = {isa = PBXBuildFile; fileRef = 258759B61D1875DA00CA91D9 /* LaunchScreen.storyboard */; };
		258759C11D18766A00CA91D9 /* TableViewController.swift in Sources */ = {isa = PBXBuildFile; fileRef = 258759BF1D18766A00CA91D9 /* TableViewController.swift */; };
		258759C21D18766A00CA91D9 /* TableViewController.xib in Resources */ = {isa = PBXBuildFile; fileRef = 258759C01D18766A00CA91D9 /* TableViewController.xib */; };
		258759C51D18787500CA91D9 /* NewGoalViewController.swift in Sources */ = {isa = PBXBuildFile; fileRef = 258759C31D18787500CA91D9 /* NewGoalViewController.swift */; };
		258759C61D18787500CA91D9 /* NewGoalViewController.xib in Resources */ = {isa = PBXBuildFile; fileRef = 258759C41D18787500CA91D9 /* NewGoalViewController.xib */; };
		258759C81D18803B00CA91D9 /* GoalModel.swift in Sources */ = {isa = PBXBuildFile; fileRef = 258759C71D18803B00CA91D9 /* GoalModel.swift */; };
		258759CA1D18838C00CA91D9 /* GoalModelController.swift in Sources */ = {isa = PBXBuildFile; fileRef = 258759C91D18838C00CA91D9 /* GoalModelController.swift */; };
		258759F71D19462E00CA91D9 /* GoalTableViewCell.swift in Sources */ = {isa = PBXBuildFile; fileRef = 258759F51D19462E00CA91D9 /* GoalTableViewCell.swift */; };
		258759F81D19462E00CA91D9 /* GoalTableViewCell.xib in Resources */ = {isa = PBXBuildFile; fileRef = 258759F61D19462E00CA91D9 /* GoalTableViewCell.xib */; };
		25875A231D1A91C300CA91D9 /* UpdateGoalViewController.swift in Sources */ = {isa = PBXBuildFile; fileRef = 25875A211D1A91C300CA91D9 /* UpdateGoalViewController.swift */; };
		25875A241D1A91C300CA91D9 /* UpdateGoalViewController.xib in Resources */ = {isa = PBXBuildFile; fileRef = 25875A221D1A91C300CA91D9 /* UpdateGoalViewController.xib */; };
		25875A261D1BFB3C00CA91D9 /* DateComparisonExtension.swift in Sources */ = {isa = PBXBuildFile; fileRef = 25875A251D1BFB3C00CA91D9 /* DateComparisonExtension.swift */; };
		25875A291D1D33D200CA91D9 /* ChooseTypeOfGoalViewController.swift in Sources */ = {isa = PBXBuildFile; fileRef = 25875A271D1D33D200CA91D9 /* ChooseTypeOfGoalViewController.swift */; };
		25875A2A1D1D33D200CA91D9 /* ChooseTypeOfGoalViewController.xib in Resources */ = {isa = PBXBuildFile; fileRef = 25875A281D1D33D200CA91D9 /* ChooseTypeOfGoalViewController.xib */; };
		25875A2D1D1D356100CA91D9 /* book.png in Resources */ = {isa = PBXBuildFile; fileRef = 25875A2C1D1D356100CA91D9 /* book.png */; };
		25875A2F1D1D388700CA91D9 /* icon-fitness-hi.png in Resources */ = {isa = PBXBuildFile; fileRef = 25875A2E1D1D388700CA91D9 /* icon-fitness-hi.png */; };
		25875A311D1D38FB00CA91D9 /* Design_Icon.png in Resources */ = {isa = PBXBuildFile; fileRef = 25875A301D1D38FB00CA91D9 /* Design_Icon.png */; };
		25875A331D1D396E00CA91D9 /* question-mark-xxl.png in Resources */ = {isa = PBXBuildFile; fileRef = 25875A321D1D396E00CA91D9 /* question-mark-xxl.png */; };
/* End PBXBuildFile section */

/* Begin PBXFileReference section */
		258759AA1D1875DA00CA91D9 /* Set a Goal - Reach It.app */ = {isa = PBXFileReference; explicitFileType = wrapper.application; includeInIndex = 0; path = "Set a Goal - Reach It.app"; sourceTree = BUILT_PRODUCTS_DIR; };
		258759AD1D1875DA00CA91D9 /* AppDelegate.swift */ = {isa = PBXFileReference; lastKnownFileType = sourcecode.swift; path = AppDelegate.swift; sourceTree = "<group>"; };
		258759B41D1875DA00CA91D9 /* Assets.xcassets */ = {isa = PBXFileReference; lastKnownFileType = folder.assetcatalog; path = Assets.xcassets; sourceTree = "<group>"; };
		258759B71D1875DA00CA91D9 /* Base */ = {isa = PBXFileReference; lastKnownFileType = file.storyboard; name = Base; path = Base.lproj/LaunchScreen.storyboard; sourceTree = "<group>"; };
		258759B91D1875DA00CA91D9 /* Info.plist */ = {isa = PBXFileReference; lastKnownFileType = text.plist.xml; path = Info.plist; sourceTree = "<group>"; };
		258759BF1D18766A00CA91D9 /* TableViewController.swift */ = {isa = PBXFileReference; fileEncoding = 4; lastKnownFileType = sourcecode.swift; path = TableViewController.swift; sourceTree = "<group>"; };
		258759C01D18766A00CA91D9 /* TableViewController.xib */ = {isa = PBXFileReference; fileEncoding = 4; lastKnownFileType = file.xib; path = TableViewController.xib; sourceTree = "<group>"; };
		258759C31D18787500CA91D9 /* NewGoalViewController.swift */ = {isa = PBXFileReference; fileEncoding = 4; lastKnownFileType = sourcecode.swift; path = NewGoalViewController.swift; sourceTree = "<group>"; };
		258759C41D18787500CA91D9 /* NewGoalViewController.xib */ = {isa = PBXFileReference; fileEncoding = 4; lastKnownFileType = file.xib; path = NewGoalViewController.xib; sourceTree = "<group>"; };
		258759C71D18803B00CA91D9 /* GoalModel.swift */ = {isa = PBXFileReference; fileEncoding = 4; lastKnownFileType = sourcecode.swift; path = GoalModel.swift; sourceTree = "<group>"; };
		258759C91D18838C00CA91D9 /* GoalModelController.swift */ = {isa = PBXFileReference; fileEncoding = 4; lastKnownFileType = sourcecode.swift; path = GoalModelController.swift; sourceTree = "<group>"; };
		258759F51D19462E00CA91D9 /* GoalTableViewCell.swift */ = {isa = PBXFileReference; fileEncoding = 4; lastKnownFileType = sourcecode.swift; path = GoalTableViewCell.swift; sourceTree = "<group>"; };
		258759F61D19462E00CA91D9 /* GoalTableViewCell.xib */ = {isa = PBXFileReference; fileEncoding = 4; lastKnownFileType = file.xib; path = GoalTableViewCell.xib; sourceTree = "<group>"; };
		25875A211D1A91C300CA91D9 /* UpdateGoalViewController.swift */ = {isa = PBXFileReference; fileEncoding = 4; lastKnownFileType = sourcecode.swift; path = UpdateGoalViewController.swift; sourceTree = "<group>"; };
		25875A221D1A91C300CA91D9 /* UpdateGoalViewController.xib */ = {isa = PBXFileReference; fileEncoding = 4; lastKnownFileType = file.xib; path = UpdateGoalViewController.xib; sourceTree = "<group>"; };
		25875A251D1BFB3C00CA91D9 /* DateComparisonExtension.swift */ = {isa = PBXFileReference; fileEncoding = 4; lastKnownFileType = sourcecode.swift; path = DateComparisonExtension.swift; sourceTree = "<group>"; };
		25875A271D1D33D200CA91D9 /* ChooseTypeOfGoalViewController.swift */ = {isa = PBXFileReference; fileEncoding = 4; lastKnownFileType = sourcecode.swift; path = ChooseTypeOfGoalViewController.swift; sourceTree = "<group>"; };
		25875A281D1D33D200CA91D9 /* ChooseTypeOfGoalViewController.xib */ = {isa = PBXFileReference; fileEncoding = 4; lastKnownFileType = file.xib; path = ChooseTypeOfGoalViewController.xib; sourceTree = "<group>"; };
		25875A2C1D1D356100CA91D9 /* book.png */ = {isa = PBXFileReference; lastKnownFileType = image.png; path = book.png; sourceTree = "<group>"; };
		25875A2E1D1D388700CA91D9 /* icon-fitness-hi.png */ = {isa = PBXFileReference; lastKnownFileType = image.png; path = "icon-fitness-hi.png"; sourceTree = "<group>"; };
		25875A301D1D38FB00CA91D9 /* Design_Icon.png */ = {isa = PBXFileReference; lastKnownFileType = image.png; path = Design_Icon.png; sourceTree = "<group>"; };
		25875A321D1D396E00CA91D9 /* question-mark-xxl.png */ = {isa = PBXFileReference; lastKnownFileType = image.png; path = "question-mark-xxl.png"; sourceTree = "<group>"; };
/* End PBXFileReference section */

/* Begin PBXFrameworksBuildPhase section */
		258759A71D1875D900CA91D9 /* Frameworks */ = {
			isa = PBXFrameworksBuildPhase;
			buildActionMask = 2147483647;
			files = (
			);
			runOnlyForDeploymentPostprocessing = 0;
		};
/* End PBXFrameworksBuildPhase section */

/* Begin PBXGroup section */
		258759A11D1875D900CA91D9 = {
			isa = PBXGroup;
			children = (
				258759AC1D1875DA00CA91D9 /* Set a Goal - Reach It */,
				258759AB1D1875DA00CA91D9 /* Products */,
			);
			sourceTree = "<group>";
		};
		258759AB1D1875DA00CA91D9 /* Products */ = {
			isa = PBXGroup;
			children = (
				258759AA1D1875DA00CA91D9 /* Set a Goal - Reach It.app */,
			);
			name = Products;
			sourceTree = "<group>";
		};
		258759AC1D1875DA00CA91D9 /* Set a Goal - Reach It */ = {
			isa = PBXGroup;
			children = (
				25875A2B1D1D355400CA91D9 /* Pic */,
				258759F41D1945F900CA91D9 /* Table Cells */,
				258759CD1D1883B000CA91D9 /* Screens */,
				258759CC1D1883A100CA91D9 /* Models */,
				258759CB1D18839100CA91D9 /* Model Controller */,
				258759AD1D1875DA00CA91D9 /* AppDelegate.swift */,
				258759B41D1875DA00CA91D9 /* Assets.xcassets */,
				258759B61D1875DA00CA91D9 /* LaunchScreen.storyboard */,
				258759B91D1875DA00CA91D9 /* Info.plist */,
				25875A251D1BFB3C00CA91D9 /* DateComparisonExtension.swift */,
			);
			path = "Set a Goal - Reach It";
			sourceTree = "<group>";
		};
		258759CB1D18839100CA91D9 /* Model Controller */ = {
			isa = PBXGroup;
			children = (
				258759C91D18838C00CA91D9 /* GoalModelController.swift */,
			);
			name = "Model Controller";
			sourceTree = "<group>";
		};
		258759CC1D1883A100CA91D9 /* Models */ = {
			isa = PBXGroup;
			children = (
				258759C71D18803B00CA91D9 /* GoalModel.swift */,
			);
			name = Models;
			sourceTree = "<group>";
		};
		258759CD1D1883B000CA91D9 /* Screens */ = {
			isa = PBXGroup;
			children = (
				258759BF1D18766A00CA91D9 /* TableViewController.swift */,
				258759C01D18766A00CA91D9 /* TableViewController.xib */,
				25875A271D1D33D200CA91D9 /* ChooseTypeOfGoalViewController.swift */,
				25875A281D1D33D200CA91D9 /* ChooseTypeOfGoalViewController.xib */,
				258759C31D18787500CA91D9 /* NewGoalViewController.swift */,
				258759C41D18787500CA91D9 /* NewGoalViewController.xib */,
				25875A211D1A91C300CA91D9 /* UpdateGoalViewController.swift */,
				25875A221D1A91C300CA91D9 /* UpdateGoalViewController.xib */,
			);
			name = Screens;
			sourceTree = "<group>";
		};
		258759F41D1945F900CA91D9 /* Table Cells */ = {
			isa = PBXGroup;
			children = (
				258759F51D19462E00CA91D9 /* GoalTableViewCell.swift */,
				258759F61D19462E00CA91D9 /* GoalTableViewCell.xib */,
			);
			name = "Table Cells";
			sourceTree = "<group>";
		};
		25875A2B1D1D355400CA91D9 /* Pic */ = {
			isa = PBXGroup;
			children = (
				25875A2E1D1D388700CA91D9 /* icon-fitness-hi.png */,
				25875A321D1D396E00CA91D9 /* question-mark-xxl.png */,
				25875A2C1D1D356100CA91D9 /* book.png */,
				25875A301D1D38FB00CA91D9 /* Design_Icon.png */,
			);
			name = Pic;
			sourceTree = "<group>";
		};
/* End PBXGroup section */

/* Begin PBXNativeTarget section */
		258759A91D1875D900CA91D9 /* Set a Goal - Reach It */ = {
			isa = PBXNativeTarget;
			buildConfigurationList = 258759BC1D1875DA00CA91D9 /* Build configuration list for PBXNativeTarget "Set a Goal - Reach It" */;
			buildPhases = (
				258759A61D1875D900CA91D9 /* Sources */,
				258759A71D1875D900CA91D9 /* Frameworks */,
				258759A81D1875D900CA91D9 /* Resources */,
			);
			buildRules = (
			);
			dependencies = (
			);
			name = "Set a Goal - Reach It";
			productName = "Set a Goal - Reach It";
			productReference = 258759AA1D1875DA00CA91D9 /* Set a Goal - Reach It.app */;
			productType = "com.apple.product-type.application";
		};
/* End PBXNativeTarget section */

/* Begin PBXProject section */
		258759A21D1875D900CA91D9 /* Project object */ = {
			isa = PBXProject;
			attributes = {
				LastSwiftUpdateCheck = 0730;
				LastUpgradeCheck = 0730;
				ORGANIZATIONNAME = "Salomon Serfati";
				TargetAttributes = {
					258759A91D1875D900CA91D9 = {
						CreatedOnToolsVersion = 7.3.1;
					};
				};
			};
			buildConfigurationList = 258759A51D1875D900CA91D9 /* Build configuration list for PBXProject "Set a Goal - Reach It" */;
			compatibilityVersion = "Xcode 3.2";
			developmentRegion = English;
			hasScannedForEncodings = 0;
			knownRegions = (
				en,
				Base,
			);
			mainGroup = 258759A11D1875D900CA91D9;
			productRefGroup = 258759AB1D1875DA00CA91D9 /* Products */;
			projectDirPath = "";
			projectRoot = "";
			targets = (
				258759A91D1875D900CA91D9 /* Set a Goal - Reach It */,
			);
		};
/* End PBXProject section */

/* Begin PBXResourcesBuildPhase section */
		258759A81D1875D900CA91D9 /* Resources */ = {
			isa = PBXResourcesBuildPhase;
			buildActionMask = 2147483647;
			files = (
				258759C21D18766A00CA91D9 /* TableViewController.xib in Resources */,
				258759B81D1875DA00CA91D9 /* LaunchScreen.storyboard in Resources */,
				25875A311D1D38FB00CA91D9 /* Design_Icon.png in Resources */,
				25875A241D1A91C300CA91D9 /* UpdateGoalViewController.xib in Resources */,
				258759F81D19462E00CA91D9 /* GoalTableViewCell.xib in Resources */,
				25875A331D1D396E00CA91D9 /* question-mark-xxl.png in Resources */,
				25875A2A1D1D33D200CA91D9 /* ChooseTypeOfGoalViewController.xib in Resources */,
				258759C61D18787500CA91D9 /* NewGoalViewController.xib in Resources */,
				25875A2D1D1D356100CA91D9 /* book.png in Resources */,
				25875A2F1D1D388700CA91D9 /* icon-fitness-hi.png in Resources */,
				258759B51D1875DA00CA91D9 /* Assets.xcassets in Resources */,
			);
			runOnlyForDeploymentPostprocessing = 0;
		};
/* End PBXResourcesBuildPhase section */

/* Begin PBXSourcesBuildPhase section */
		258759A61D1875D900CA91D9 /* Sources */ = {
			isa = PBXSourcesBuildPhase;
			buildActionMask = 2147483647;
			files = (
				258759C51D18787500CA91D9 /* NewGoalViewController.swift in Sources */,
				258759AE1D1875DA00CA91D9 /* AppDelegate.swift in Sources */,
				25875A291D1D33D200CA91D9 /* ChooseTypeOfGoalViewController.swift in Sources */,
				258759CA1D18838C00CA91D9 /* GoalModelController.swift in Sources */,
				258759C81D18803B00CA91D9 /* GoalModel.swift in Sources */,
				258759F71D19462E00CA91D9 /* GoalTableViewCell.swift in Sources */,
				25875A231D1A91C300CA91D9 /* UpdateGoalViewController.swift in Sources */,
				25875A261D1BFB3C00CA91D9 /* DateComparisonExtension.swift in Sources */,
				258759C11D18766A00CA91D9 /* TableViewController.swift in Sources */,
			);
			runOnlyForDeploymentPostprocessing = 0;
		};
/* End PBXSourcesBuildPhase section */

/* Begin PBXVariantGroup section */
		258759B61D1875DA00CA91D9 /* LaunchScreen.storyboard */ = {
			isa = PBXVariantGroup;
			children = (
				258759B71D1875DA00CA91D9 /* Base */,
			);
			name = LaunchScreen.storyboard;
			sourceTree = "<group>";
		};
/* End PBXVariantGroup section */

/* Begin XCBuildConfiguration section */
		258759BA1D1875DA00CA91D9 /* Debug */ = {
			isa = XCBuildConfiguration;
			buildSettings = {
				ALWAYS_SEARCH_USER_PATHS = NO;
				CLANG_ANALYZER_NONNULL = YES;
				CLANG_CXX_LANGUAGE_STANDARD = "gnu++0x";
				CLANG_CXX_LIBRARY = "libc++";
				CLANG_ENABLE_MODULES = YES;
				CLANG_ENABLE_OBJC_ARC = YES;
				CLANG_WARN_BOOL_CONVERSION = YES;
				CLANG_WARN_CONSTANT_CONVERSION = YES;
				CLANG_WARN_DIRECT_OBJC_ISA_USAGE = YES_ERROR;
				CLANG_WARN_EMPTY_BODY = YES;
				CLANG_WARN_ENUM_CONVERSION = YES;
				CLANG_WARN_INT_CONVERSION = YES;
				CLANG_WARN_OBJC_ROOT_CLASS = YES_ERROR;
				CLANG_WARN_UNREACHABLE_CODE = YES;
				CLANG_WARN__DUPLICATE_METHOD_MATCH = YES;
				"CODE_SIGN_IDENTITY[sdk=iphoneos*]" = "iPhone Developer";
				COPY_PHASE_STRIP = NO;
				DEBUG_INFORMATION_FORMAT = dwarf;
				ENABLE_STRICT_OBJC_MSGSEND = YES;
				ENABLE_TESTABILITY = YES;
				GCC_C_LANGUAGE_STANDARD = gnu99;
				GCC_DYNAMIC_NO_PIC = NO;
				GCC_NO_COMMON_BLOCKS = YES;
				GCC_OPTIMIZATION_LEVEL = 0;
				GCC_PREPROCESSOR_DEFINITIONS = (
					"DEBUG=1",
					"$(inherited)",
				);
				GCC_WARN_64_TO_32_BIT_CONVERSION = YES;
				GCC_WARN_ABOUT_RETURN_TYPE = YES_ERROR;
				GCC_WARN_UNDECLARED_SELECTOR = YES;
				GCC_WARN_UNINITIALIZED_AUTOS = YES_AGGRESSIVE;
				GCC_WARN_UNUSED_FUNCTION = YES;
				GCC_WARN_UNUSED_VARIABLE = YES;
				IPHONEOS_DEPLOYMENT_TARGET = 9.3;
				MTL_ENABLE_DEBUG_INFO = YES;
				ONLY_ACTIVE_ARCH = YES;
				SDKROOT = iphoneos;
				SWIFT_OPTIMIZATION_LEVEL = "-Onone";
				TARGETED_DEVICE_FAMILY = "1,2";
			};
			name = Debug;
		};
		258759BB1D1875DA00CA91D9 /* Release */ = {
			isa = XCBuildConfiguration;
			buildSettings = {
				ALWAYS_SEARCH_USER_PATHS = NO;
				CLANG_ANALYZER_NONNULL = YES;
				CLANG_CXX_LANGUAGE_STANDARD = "gnu++0x";
				CLANG_CXX_LIBRARY = "libc++";
				CLANG_ENABLE_MODULES = YES;
				CLANG_ENABLE_OBJC_ARC = YES;
				CLANG_WARN_BOOL_CONVERSION = YES;
				CLANG_WARN_CONSTANT_CONVERSION = YES;
				CLANG_WARN_DIRECT_OBJC_ISA_USAGE = YES_ERROR;
				CLANG_WARN_EMPTY_BODY = YES;
				CLANG_WARN_ENUM_CONVERSION = YES;
				CLANG_WARN_INT_CONVERSION = YES;
				CLANG_WARN_OBJC_ROOT_CLASS = YES_ERROR;
				CLANG_WARN_UNREACHABLE_CODE = YES;
				CLANG_WARN__DUPLICATE_METHOD_MATCH = YES;
				"CODE_SIGN_IDENTITY[sdk=iphoneos*]" = "iPhone Developer";
				COPY_PHASE_STRIP = NO;
				DEBUG_INFORMATION_FORMAT = "dwarf-with-dsym";
				ENABLE_NS_ASSERTIONS = NO;
				ENABLE_STRICT_OBJC_MSGSEND = YES;
				GCC_C_LANGUAGE_STANDARD = gnu99;
				GCC_NO_COMMON_BLOCKS = YES;
				GCC_WARN_64_TO_32_BIT_CONVERSION = YES;
				GCC_WARN_ABOUT_RETURN_TYPE = YES_ERROR;
				GCC_WARN_UNDECLARED_SELECTOR = YES;
				GCC_WARN_UNINITIALIZED_AUTOS = YES_AGGRESSIVE;
				GCC_WARN_UNUSED_FUNCTION = YES;
				GCC_WARN_UNUSED_VARIABLE = YES;
				IPHONEOS_DEPLOYMENT_TARGET = 9.3;
				MTL_ENABLE_DEBUG_INFO = NO;
				SDKROOT = iphoneos;
				TARGETED_DEVICE_FAMILY = "1,2";
				VALIDATE_PRODUCT = YES;
			};
			name = Release;
		};
		258759BD1D1875DA00CA91D9 /* Debug */ = {
			isa = XCBuildConfiguration;
			buildSettings = {
				ASSETCATALOG_COMPILER_APPICON_NAME = AppIcon;
				INFOPLIST_FILE = "Set a Goal - Reach It/Info.plist";
				LD_RUNPATH_SEARCH_PATHS = "$(inherited) @executable_path/Frameworks";
				PRODUCT_BUNDLE_IDENTIFIER = "com.salomonserfati.Set-a-Goal---Reach-It";
				PRODUCT_NAME = "$(TARGET_NAME)";
			};
			name = Debug;
		};
		258759BE1D1875DA00CA91D9 /* Release */ = {
			isa = XCBuildConfiguration;
			buildSettings = {
				ASSETCATALOG_COMPILER_APPICON_NAME = AppIcon;
				INFOPLIST_FILE = "Set a Goal - Reach It/Info.plist";
				LD_RUNPATH_SEARCH_PATHS = "$(inherited) @executable_path/Frameworks";
				PRODUCT_BUNDLE_IDENTIFIER = "com.salomonserfati.Set-a-Goal---Reach-It";
				PRODUCT_NAME = "$(TARGET_NAME)";
			};
			name = Release;
		};
/* End XCBuildConfiguration section */

/* Begin XCConfigurationList section */
		258759A51D1875D900CA91D9 /* Build configuration list for PBXProject "Set a Goal - Reach It" */ = {
			isa = XCConfigurationList;
			buildConfigurations = (
				258759BA1D1875DA00CA91D9 /* Debug */,
				258759BB1D1875DA00CA91D9 /* Release */,
			);
			defaultConfigurationIsVisible = 0;
			defaultConfigurationName = Release;
		};
		258759BC1D1875DA00CA91D9 /* Build configuration list for PBXNativeTarget "Set a Goal - Reach It" */ = {
			isa = XCConfigurationList;
			buildConfigurations = (
				258759BD1D1875DA00CA91D9 /* Debug */,
				258759BE1D1875DA00CA91D9 /* Release */,
			);
			defaultConfigurationIsVisible = 0;
			defaultConfigurationName = Release;
		};
/* End XCConfigurationList section */
	};
	rootObject = 258759A21D1875D900CA91D9 /* Project object */;
}
